// !$*UTF8*$!
{
	archiveVersion = 1;
	classes = {
	};
	objectVersion = 50;
	objects = {

/* Begin PBXBuildFile section */
		559946E125C1E2F600FC34CF /* PhotoMemoryApp.swift in Sources */ = {isa = PBXBuildFile; fileRef = 559946E025C1E2F600FC34CF /* PhotoMemoryApp.swift */; };
		559946E325C1E2F600FC34CF /* ContentView.swift in Sources */ = {isa = PBXBuildFile; fileRef = 559946E225C1E2F600FC34CF /* ContentView.swift */; };
		559946E525C1E2FB00FC34CF /* Assets.xcassets in Resources */ = {isa = PBXBuildFile; fileRef = 559946E425C1E2FB00FC34CF /* Assets.xcassets */; };
		559946E825C1E2FB00FC34CF /* Preview Assets.xcassets in Resources */ = {isa = PBXBuildFile; fileRef = 559946E725C1E2FB00FC34CF /* Preview Assets.xcassets */; };
		559946F125C1E34900FC34CF /* ImagePicker.swift in Sources */ = {isa = PBXBuildFile; fileRef = 559946F025C1E34900FC34CF /* ImagePicker.swift */; };
		55E7A23025C3C5A60076C4BA /* PhotoMemoryItem.swift in Sources */ = {isa = PBXBuildFile; fileRef = 55E7A22F25C3C5A60076C4BA /* PhotoMemoryItem.swift */; };
		55E7A23325C3C9F20076C4BA /* PhotoMemoryDetailView.swift in Sources */ = {isa = PBXBuildFile; fileRef = 55E7A23225C3C9F20076C4BA /* PhotoMemoryDetailView.swift */; };
/* End PBXBuildFile section */

/* Begin PBXFileReference section */
		559946DD25C1E2F600FC34CF /* PhotoMemory.app */ = {isa = PBXFileReference; explicitFileType = wrapper.application; includeInIndex = 0; path = PhotoMemory.app; sourceTree = BUILT_PRODUCTS_DIR; };
		559946E025C1E2F600FC34CF /* PhotoMemoryApp.swift */ = {isa = PBXFileReference; lastKnownFileType = sourcecode.swift; path = PhotoMemoryApp.swift; sourceTree = "<group>"; };
		559946E225C1E2F600FC34CF /* ContentView.swift */ = {isa = PBXFileReference; lastKnownFileType = sourcecode.swift; path = ContentView.swift; sourceTree = "<group>"; };
		559946E425C1E2FB00FC34CF /* Assets.xcassets */ = {isa = PBXFileReference; lastKnownFileType = folder.assetcatalog; path = Assets.xcassets; sourceTree = "<group>"; };
		559946E725C1E2FB00FC34CF /* Preview Assets.xcassets */ = {isa = PBXFileReference; lastKnownFileType = folder.assetcatalog; path = "Preview Assets.xcassets"; sourceTree = "<group>"; };
		559946E925C1E2FB00FC34CF /* Info.plist */ = {isa = PBXFileReference; lastKnownFileType = text.plist.xml; path = Info.plist; sourceTree = "<group>"; };
		559946F025C1E34900FC34CF /* ImagePicker.swift */ = {isa = PBXFileReference; lastKnownFileType = sourcecode.swift; path = ImagePicker.swift; sourceTree = "<group>"; };
		55E7A22F25C3C5A60076C4BA /* PhotoMemoryItem.swift */ = {isa = PBXFileReference; lastKnownFileType = sourcecode.swift; path = PhotoMemoryItem.swift; sourceTree = "<group>"; };
		55E7A23225C3C9F20076C4BA /* PhotoMemoryDetailView.swift */ = {isa = PBXFileReference; lastKnownFileType = sourcecode.swift; path = PhotoMemoryDetailView.swift; sourceTree = "<group>"; };
/* End PBXFileReference section */

/* Begin PBXFrameworksBuildPhase section */
		559946DA25C1E2F600FC34CF /* Frameworks */ = {
			isa = PBXFrameworksBuildPhase;
			buildActionMask = 2147483647;
			files = (
			);
			runOnlyForDeploymentPostprocessing = 0;
		};
/* End PBXFrameworksBuildPhase section */

/* Begin PBXGroup section */
		559946D425C1E2F500FC34CF = {
			isa = PBXGroup;
			children = (
				559946DF25C1E2F600FC34CF /* PhotoMemory */,
				559946DE25C1E2F600FC34CF /* Products */,
			);
			sourceTree = "<group>";
		};
		559946DE25C1E2F600FC34CF /* Products */ = {
			isa = PBXGroup;
			children = (
				559946DD25C1E2F600FC34CF /* PhotoMemory.app */,
			);
			name = Products;
			sourceTree = "<group>";
		};
		559946DF25C1E2F600FC34CF /* PhotoMemory */ = {
			isa = PBXGroup;
			children = (
				559946E025C1E2F600FC34CF /* PhotoMemoryApp.swift */,
				559946E225C1E2F600FC34CF /* ContentView.swift */,
				559946E425C1E2FB00FC34CF /* Assets.xcassets */,
				559946E925C1E2FB00FC34CF /* Info.plist */,
				559946E625C1E2FB00FC34CF /* Preview Content */,
				559946F025C1E34900FC34CF /* ImagePicker.swift */,
				55E7A22F25C3C5A60076C4BA /* PhotoMemoryItem.swift */,
				55E7A23225C3C9F20076C4BA /* PhotoMemoryDetailView.swift */,
			);
			path = PhotoMemory;
			sourceTree = "<group>";
		};
		559946E625C1E2FB00FC34CF /* Preview Content */ = {
			isa = PBXGroup;
			children = (
				559946E725C1E2FB00FC34CF /* Preview Assets.xcassets */,
			);
			path = "Preview Content";
			sourceTree = "<group>";
		};
/* End PBXGroup section */

/* Begin PBXNativeTarget section */
		559946DC25C1E2F600FC34CF /* PhotoMemory */ = {
			isa = PBXNativeTarget;
			buildConfigurationList = 559946EC25C1E2FB00FC34CF /* Build configuration list for PBXNativeTarget "PhotoMemory" */;
			buildPhases = (
				559946D925C1E2F600FC34CF /* Sources */,
				559946DA25C1E2F600FC34CF /* Frameworks */,
				559946DB25C1E2F600FC34CF /* Resources */,
			);
			buildRules = (
			);
			dependencies = (
			);
			name = PhotoMemory;
			productName = PhotoMemory;
			productReference = 559946DD25C1E2F600FC34CF /* PhotoMemory.app */;
			productType = "com.apple.product-type.application";
		};
/* End PBXNativeTarget section */

/* Begin PBXProject section */
		559946D525C1E2F500FC34CF /* Project object */ = {
			isa = PBXProject;
			attributes = {
				LastSwiftUpdateCheck = 1230;
				LastUpgradeCheck = 1230;
				TargetAttributes = {
					559946DC25C1E2F600FC34CF = {
						CreatedOnToolsVersion = 12.3;
					};
				};
			};
			buildConfigurationList = 559946D825C1E2F500FC34CF /* Build configuration list for PBXProject "PhotoMemory" */;
			compatibilityVersion = "Xcode 9.3";
			developmentRegion = en;
			hasScannedForEncodings = 0;
			knownRegions = (
				en,
				Base,
			);
			mainGroup = 559946D425C1E2F500FC34CF;
			productRefGroup = 559946DE25C1E2F600FC34CF /* Products */;
			projectDirPath = "";
			projectRoot = "";
			targets = (
				559946DC25C1E2F600FC34CF /* PhotoMemory */,
			);
		};
/* End PBXProject section */

/* Begin PBXResourcesBuildPhase section */
		559946DB25C1E2F600FC34CF /* Resources */ = {
			isa = PBXResourcesBuildPhase;
			buildActionMask = 2147483647;
			files = (
				559946E825C1E2FB00FC34CF /* Preview Assets.xcassets in Resources */,
				559946E525C1E2FB00FC34CF /* Assets.xcassets in Resources */,
			);
			runOnlyForDeploymentPostprocessing = 0;
		};
/* End PBXResourcesBuildPhase section */

/* Begin PBXSourcesBuildPhase section */
		559946D925C1E2F600FC34CF /* Sources */ = {
			isa = PBXSourcesBuildPhase;
			buildActionMask = 2147483647;
			files = (
				559946F125C1E34900FC34CF /* ImagePicker.swift in Sources */,
				55E7A23325C3C9F20076C4BA /* PhotoMemoryDetailView.swift in Sources */,
				559946E325C1E2F600FC34CF /* ContentView.swift in Sources */,
				55E7A23025C3C5A60076C4BA /* PhotoMemoryItem.swift in Sources */,
				559946E125C1E2F600FC34CF /* PhotoMemoryApp.swift in Sources */,
			);
			runOnlyForDeploymentPostprocessing = 0;
		};
/* End PBXSourcesBuildPhase section */

/* Begin XCBuildConfiguration section */
		559946EA25C1E2FB00FC34CF /* Debug */ = {
			isa = XCBuildConfiguration;
			buildSettings = {
				ALWAYS_SEARCH_USER_PATHS = NO;
				CLANG_ANALYZER_NONNULL = YES;
				CLANG_ANALYZER_NUMBER_OBJECT_CONVERSION = YES_AGGRESSIVE;
				CLANG_CXX_LANGUAGE_STANDARD = "gnu++14";
				CLANG_CXX_LIBRARY = "libc++";
				CLANG_ENABLE_MODULES = YES;
				CLANG_ENABLE_OBJC_ARC = YES;
				CLANG_ENABLE_OBJC_WEAK = YES;
				CLANG_WARN_BLOCK_CAPTURE_AUTORELEASING = YES;
				CLANG_WARN_BOOL_CONVERSION = YES;
				CLANG_WARN_COMMA = YES;
				CLANG_WARN_CONSTANT_CONVERSION = YES;
				CLANG_WARN_DEPRECATED_OBJC_IMPLEMENTATIONS = YES;
				CLANG_WARN_DIRECT_OBJC_ISA_USAGE = YES_ERROR;
				CLANG_WARN_DOCUMENTATION_COMMENTS = YES;
				CLANG_WARN_EMPTY_BODY = YES;
				CLANG_WARN_ENUM_CONVERSION = YES;
				CLANG_WARN_INFINITE_RECURSION = YES;
				CLANG_WARN_INT_CONVERSION = YES;
				CLANG_WARN_NON_LITERAL_NULL_CONVERSION = YES;
				CLANG_WARN_OBJC_IMPLICIT_RETAIN_SELF = YES;
				CLANG_WARN_OBJC_LITERAL_CONVERSION = YES;
				CLANG_WARN_OBJC_ROOT_CLASS = YES_ERROR;
				CLANG_WARN_QUOTED_INCLUDE_IN_FRAMEWORK_HEADER = YES;
				CLANG_WARN_RANGE_LOOP_ANALYSIS = YES;
				CLANG_WARN_STRICT_PROTOTYPES = YES;
				CLANG_WARN_SUSPICIOUS_MOVE = YES;
				CLANG_WARN_UNGUARDED_AVAILABILITY = YES_AGGRESSIVE;
				CLANG_WARN_UNREACHABLE_CODE = YES;
				CLANG_WARN__DUPLICATE_METHOD_MATCH = YES;
				COPY_PHASE_STRIP = NO;
				DEBUG_INFORMATION_FORMAT = dwarf;
				ENABLE_STRICT_OBJC_MSGSEND = YES;
				ENABLE_TESTABILITY = YES;
				GCC_C_LANGUAGE_STANDARD = gnu11;
				GCC_DYNAMIC_NO_PIC = NO;
				GCC_NO_COMMON_BLOCKS = YES;
				GCC_OPTIMIZATION_LEVEL = 0;
				GCC_PREPROCESSOR_DEFINITIONS = (
					"DEBUG=1",
					"$(inherited)",
				);
				GCC_WARN_64_TO_32_BIT_CONVERSION = YES;
				GCC_WARN_ABOUT_RETURN_TYPE = YES_ERROR;
				GCC_WARN_UNDECLARED_SELECTOR = YES;
				GCC_WARN_UNINITIALIZED_AUTOS = YES_AGGRESSIVE;
				GCC_WARN_UNUSED_FUNCTION = YES;
				GCC_WARN_UNUSED_VARIABLE = YES;
				IPHONEOS_DEPLOYMENT_TARGET = 14.3;
				MTL_ENABLE_DEBUG_INFO = INCLUDE_SOURCE;
				MTL_FAST_MATH = YES;
				ONLY_ACTIVE_ARCH = YES;
				SDKROOT = iphoneos;
				SWIFT_ACTIVE_COMPILATION_CONDITIONS = DEBUG;
				SWIFT_OPTIMIZATION_LEVEL = "-Onone";
			};
			name = Debug;
		};
		559946EB25C1E2FB00FC34CF /* Release */ = {
			isa = XCBuildConfiguration;
			buildSettings = {
				ALWAYS_SEARCH_USER_PATHS = NO;
				CLANG_ANALYZER_NONNULL = YES;
				CLANG_ANALYZER_NUMBER_OBJECT_CONVERSION = YES_AGGRESSIVE;
				CLANG_CXX_LANGUAGE_STANDARD = "gnu++14";
				CLANG_CXX_LIBRARY = "libc++";
				CLANG_ENABLE_MODULES = YES;
				CLANG_ENABLE_OBJC_ARC = YES;
				CLANG_ENABLE_OBJC_WEAK = YES;
				CLANG_WARN_BLOCK_CAPTURE_AUTORELEASING = YES;
				CLANG_WARN_BOOL_CONVERSION = YES;
				CLANG_WARN_COMMA = YES;
				CLANG_WARN_CONSTANT_CONVERSION = YES;
				CLANG_WARN_DEPRECATED_OBJC_IMPLEMENTATIONS = YES;
				CLANG_WARN_DIRECT_OBJC_ISA_USAGE = YES_ERROR;
				CLANG_WARN_DOCUMENTATION_COMMENTS = YES;
				CLANG_WARN_EMPTY_BODY = YES;
				CLANG_WARN_ENUM_CONVERSION = YES;
				CLANG_WARN_INFINITE_RECURSION = YES;
				CLANG_WARN_INT_CONVERSION = YES;
				CLANG_WARN_NON_LITERAL_NULL_CONVERSION = YES;
				CLANG_WARN_OBJC_IMPLICIT_RETAIN_SELF = YES;
				CLANG_WARN_OBJC_LITERAL_CONVERSION = YES;
				CLANG_WARN_OBJC_ROOT_CLASS = YES_ERROR;
				CLANG_WARN_QUOTED_INCLUDE_IN_FRAMEWORK_HEADER = YES;
				CLANG_WARN_RANGE_LOOP_ANALYSIS = YES;
				CLANG_WARN_STRICT_PROTOTYPES = YES;
				CLANG_WARN_SUSPICIOUS_MOVE = YES;
				CLANG_WARN_UNGUARDED_AVAILABILITY = YES_AGGRESSIVE;
				CLANG_WARN_UNREACHABLE_CODE = YES;
				CLANG_WARN__DUPLICATE_METHOD_MATCH = YES;
				COPY_PHASE_STRIP = NO;
				DEBUG_INFORMATION_FORMAT = "dwarf-with-dsym";
				ENABLE_NS_ASSERTIONS = NO;
				ENABLE_STRICT_OBJC_MSGSEND = YES;
				GCC_C_LANGUAGE_STANDARD = gnu11;
				GCC_NO_COMMON_BLOCKS = YES;
				GCC_WARN_64_TO_32_BIT_CONVERSION = YES;
				GCC_WARN_ABOUT_RETURN_TYPE = YES_ERROR;
				GCC_WARN_UNDECLARED_SELECTOR = YES;
				GCC_WARN_UNINITIALIZED_AUTOS = YES_AGGRESSIVE;
				GCC_WARN_UNUSED_FUNCTION = YES;
				GCC_WARN_UNUSED_VARIABLE = YES;
				IPHONEOS_DEPLOYMENT_TARGET = 14.3;
				MTL_ENABLE_DEBUG_INFO = NO;
				MTL_FAST_MATH = YES;
				SDKROOT = iphoneos;
				SWIFT_COMPILATION_MODE = wholemodule;
				SWIFT_OPTIMIZATION_LEVEL = "-O";
				VALIDATE_PRODUCT = YES;
			};
			name = Release;
		};
		559946ED25C1E2FB00FC34CF /* Debug */ = {
			isa = XCBuildConfiguration;
			buildSettings = {
				ASSETCATALOG_COMPILER_APPICON_NAME = AppIcon;
				ASSETCATALOG_COMPILER_GLOBAL_ACCENT_COLOR_NAME = AccentColor;
				CODE_SIGN_STYLE = Automatic;
				DEVELOPMENT_ASSET_PATHS = "\"PhotoMemory/Preview Content\"";
				DEVELOPMENT_TEAM = 4372MH6XLY;
				ENABLE_PREVIEWS = YES;
				INFOPLIST_FILE = PhotoMemory/Info.plist;
				IPHONEOS_DEPLOYMENT_TARGET = 14.0;
				LD_RUNPATH_SEARCH_PATHS = (
					"$(inherited)",
					"@executable_path/Frameworks",
				);
				PRODUCT_BUNDLE_IDENTIFIER = com.solfware.PhotoMemory;
				PRODUCT_NAME = "$(TARGET_NAME)";
				SWIFT_VERSION = 5.0;
				TARGETED_DEVICE_FAMILY = "1,2";
			};
			name = Debug;
		};
		559946EE25C1E2FB00FC34CF /* Release */ = {
			isa = XCBuildConfiguration;
			buildSettings = {
				ASSETCATALOG_COMPILER_APPICON_NAME = AppIcon;
				ASSETCATALOG_COMPILER_GLOBAL_ACCENT_COLOR_NAME = AccentColor;
				CODE_SIGN_STYLE = Automatic;
				DEVELOPMENT_ASSET_PATHS = "\"PhotoMemory/Preview Content\"";
				DEVELOPMENT_TEAM = 4372MH6XLY;
				ENABLE_PREVIEWS = YES;
				INFOPLIST_FILE = PhotoMemory/Info.plist;
				IPHONEOS_DEPLOYMENT_TARGET = 14.0;
				LD_RUNPATH_SEARCH_PATHS = (
					"$(inherited)",
					"@executable_path/Frameworks",
				);
				PRODUCT_BUNDLE_IDENTIFIER = com.solfware.PhotoMemory;
				PRODUCT_NAME = "$(TARGET_NAME)";
				SWIFT_VERSION = 5.0;
				TARGETED_DEVICE_FAMILY = "1,2";
			};
			name = Release;
		};
/* End XCBuildConfiguration section */

/* Begin XCConfigurationList section */
		559946D825C1E2F500FC34CF /* Build configuration list for PBXProject "PhotoMemory" */ = {
			isa = XCConfigurationList;
			buildConfigurations = (
				559946EA25C1E2FB00FC34CF /* Debug */,
				559946EB25C1E2FB00FC34CF /* Release */,
			);
			defaultConfigurationIsVisible = 0;
			defaultConfigurationName = Release;
		};
		559946EC25C1E2FB00FC34CF /* Build configuration list for PBXNativeTarget "PhotoMemory" */ = {
			isa = XCConfigurationList;
			buildConfigurations = (
				559946ED25C1E2FB00FC34CF /* Debug */,
				559946EE25C1E2FB00FC34CF /* Release */,
			);
			defaultConfigurationIsVisible = 0;
			defaultConfigurationName = Release;
		};
/* End XCConfigurationList section */
	};
	rootObject = 559946D525C1E2F500FC34CF /* Project object */;
}
